# THIS IS AN AUTOGENERATED FILE. DO NOT EDIT THIS FILE DIRECTLY.
# yarn lockfile v1


"@babel/runtime@^7.12.5":
  version "7.20.6"
  resolved "https://registry.yarnpkg.com/@babel/runtime/-/runtime-7.20.6.tgz#facf4879bfed9b5326326273a64220f099b0fce3"
  integrity sha512-Q+8MqP7TiHMWzSfwiJwXCjyf4GYA4Dgw3emg/7xmwsdLJOZUp+nMqcOwOzzYheuM1rhDu8FSj2l0aoMygEuXuA==
  dependencies:
    regenerator-runtime "^0.13.11"

"@esbuild/android-arm64@0.16.3":
  version "0.16.3"
  resolved "https://registry.yarnpkg.com/@esbuild/android-arm64/-/android-arm64-0.16.3.tgz#6af6d16be6d534d776a51fc215bfd81a68906d2c"
  integrity sha512-RolFVeinkeraDvN/OoRf1F/lP0KUfGNb5jxy/vkIMeRRChkrX/HTYN6TYZosRJs3a1+8wqpxAo5PI5hFmxyPRg==

"@esbuild/android-arm@0.16.3":
  version "0.16.3"
  resolved "https://registry.yarnpkg.com/@esbuild/android-arm/-/android-arm-0.16.3.tgz#2a091222f3b1928e3246fb3c5202eaca88baab67"
  integrity sha512-mueuEoh+s1eRbSJqq9KNBQwI4QhQV6sRXIfTyLXSHGMpyew61rOK4qY21uKbXl1iBoMb0AdL1deWFCQVlN2qHA==

"@esbuild/android-x64@0.16.3":
  version "0.16.3"
  resolved "https://registry.yarnpkg.com/@esbuild/android-x64/-/android-x64-0.16.3.tgz#a6d749c58b022d371dc40d50ac1bb4aebd1eb953"
  integrity sha512-SFpTUcIT1bIJuCCBMCQWq1bL2gPTjWoLZdjmIhjdcQHaUfV41OQfho6Ici5uvvkMmZRXIUGpM3GxysP/EU7ifQ==

"@esbuild/darwin-arm64@0.16.3":
  version "0.16.3"
  resolved "https://registry.yarnpkg.com/@esbuild/darwin-arm64/-/darwin-arm64-0.16.3.tgz#92d1826ed2f21dcac5830b70d7215c6afbb744e2"
  integrity sha512-DO8WykMyB+N9mIDfI/Hug70Dk1KipavlGAecxS3jDUwAbTpDXj0Lcwzw9svkhxfpCagDmpaTMgxWK8/C/XcXvw==

"@esbuild/darwin-x64@0.16.3":
  version "0.16.3"
  resolved "https://registry.yarnpkg.com/@esbuild/darwin-x64/-/darwin-x64-0.16.3.tgz#7fc3570c2b16e9ff4fc178593a0a4adb1ae8ea57"
  integrity sha512-uEqZQ2omc6BvWqdCiyZ5+XmxuHEi1SPzpVxXCSSV2+Sh7sbXbpeNhHIeFrIpRjAs0lI1FmA1iIOxFozKBhKgRQ==

"@esbuild/freebsd-arm64@0.16.3":
  version "0.16.3"
  resolved "https://registry.yarnpkg.com/@esbuild/freebsd-arm64/-/freebsd-arm64-0.16.3.tgz#16735ce16f8c9a4e7289e9e259aa01a8d9874307"
  integrity sha512-nJansp3sSXakNkOD5i5mIz2Is/HjzIhFs49b1tjrPrpCmwgBmH9SSzhC/Z1UqlkivqMYkhfPwMw1dGFUuwmXhw==

"@esbuild/freebsd-x64@0.16.3":
  version "0.16.3"
  resolved "https://registry.yarnpkg.com/@esbuild/freebsd-x64/-/freebsd-x64-0.16.3.tgz#f4edd1464cb072799ed6b8ab5178478e71c13459"
  integrity sha512-TfoDzLw+QHfc4a8aKtGSQ96Wa+6eimljjkq9HKR0rHlU83vw8aldMOUSJTUDxbcUdcgnJzPaX8/vGWm7vyV7ug==

"@esbuild/linux-arm64@0.16.3":
  version "0.16.3"
  resolved "https://registry.yarnpkg.com/@esbuild/linux-arm64/-/linux-arm64-0.16.3.tgz#4b7ae6fe3618d9a40d6ca39c6edc991ac1447203"
  integrity sha512-7I3RlsnxEFCHVZNBLb2w7unamgZ5sVwO0/ikE2GaYvYuUQs9Qte/w7TqWcXHtCwxvZx/2+F97ndiUQAWs47ZfQ==

"@esbuild/linux-arm@0.16.3":
  version "0.16.3"
  resolved "https://registry.yarnpkg.com/@esbuild/linux-arm/-/linux-arm-0.16.3.tgz#4b3e9f849822e16a76a70844c4db68075b259a58"
  integrity sha512-VwswmSYwVAAq6LysV59Fyqk3UIjbhuc6wb3vEcJ7HEJUtFuLK9uXWuFoH1lulEbE4+5GjtHi3MHX+w1gNHdOWQ==

"@esbuild/linux-ia32@0.16.3":
  version "0.16.3"
  resolved "https://registry.yarnpkg.com/@esbuild/linux-ia32/-/linux-ia32-0.16.3.tgz#2ff3936b91bfff62f9ecf7f6411ef399b29ed22d"
  integrity sha512-X8FDDxM9cqda2rJE+iblQhIMYY49LfvW4kaEjoFbTTQ4Go8G96Smj2w3BRTwA8IHGoi9dPOPGAX63dhuv19UqA==

"@esbuild/linux-loong64@0.16.3":
  version "0.16.3"
  resolved "https://registry.yarnpkg.com/@esbuild/linux-loong64/-/linux-loong64-0.16.3.tgz#ff8aa59f49d9ccbc1ff952ba1f5cd01a534562df"
  integrity sha512-hIbeejCOyO0X9ujfIIOKjBjNAs9XD/YdJ9JXAy1lHA+8UXuOqbFe4ErMCqMr8dhlMGBuvcQYGF7+kO7waj2KHw==

"@esbuild/linux-mips64el@0.16.3":
  version "0.16.3"
  resolved "https://registry.yarnpkg.com/@esbuild/linux-mips64el/-/linux-mips64el-0.16.3.tgz#5dd5e118071c3912df69beedbfd11fb117f0fe5e"
  integrity sha512-znFRzICT/V8VZQMt6rjb21MtAVJv/3dmKRMlohlShrbVXdBuOdDrGb+C2cZGQAR8RFyRe7HS6klmHq103WpmVw==

"@esbuild/linux-ppc64@0.16.3":
  version "0.16.3"
  resolved "https://registry.yarnpkg.com/@esbuild/linux-ppc64/-/linux-ppc64-0.16.3.tgz#36c62e24eae7fa3f0d921506da8fc1e6098a1364"
  integrity sha512-EV7LuEybxhXrVTDpbqWF2yehYRNz5e5p+u3oQUS2+ZFpknyi1NXxr8URk4ykR8Efm7iu04//4sBg249yNOwy5Q==

"@esbuild/linux-riscv64@0.16.3":
  version "0.16.3"
  resolved "https://registry.yarnpkg.com/@esbuild/linux-riscv64/-/linux-riscv64-0.16.3.tgz#f0fec8e7affb5bcc817fefc61a21cbb95539e393"
  integrity sha512-uDxqFOcLzFIJ+r/pkTTSE9lsCEaV/Y6rMlQjUI9BkzASEChYL/aSQjZjchtEmdnVxDKETnUAmsaZ4pqK1eE5BQ==

"@esbuild/linux-s390x@0.16.3":
  version "0.16.3"
  resolved "https://registry.yarnpkg.com/@esbuild/linux-s390x/-/linux-s390x-0.16.3.tgz#22e10edd6e91f53c2e1f60e46abd453d7794409b"
  integrity sha512-NbeREhzSxYwFhnCAQOQZmajsPYtX71Ufej3IQ8W2Gxskfz9DK58ENEju4SbpIj48VenktRASC52N5Fhyf/aliQ==

"@esbuild/linux-x64@0.16.3":
  version "0.16.3"
  resolved "https://registry.yarnpkg.com/@esbuild/linux-x64/-/linux-x64-0.16.3.tgz#38388b73fd9eebe45b073d7d8099b9c2e54f7139"
  integrity sha512-SDiG0nCixYO9JgpehoKgScwic7vXXndfasjnD5DLbp1xltANzqZ425l7LSdHynt19UWOcDjG9wJJzSElsPvk0w==

"@esbuild/netbsd-x64@0.16.3":
  version "0.16.3"
  resolved "https://registry.yarnpkg.com/@esbuild/netbsd-x64/-/netbsd-x64-0.16.3.tgz#e0270569567f1530b8dbe6d11d5b4930b9cc71ae"
  integrity sha512-AzbsJqiHEq1I/tUvOfAzCY15h4/7Ivp3ff/o1GpP16n48JMNAtbW0qui2WCgoIZArEHD0SUQ95gvR0oSO7ZbdA==

"@esbuild/openbsd-x64@0.16.3":
  version "0.16.3"
  resolved "https://registry.yarnpkg.com/@esbuild/openbsd-x64/-/openbsd-x64-0.16.3.tgz#3b16642d443848bca605f33ee3978a1890911e6d"
  integrity sha512-gSABi8qHl8k3Cbi/4toAzHiykuBuWLZs43JomTcXkjMZVkp0gj3gg9mO+9HJW/8GB5H89RX/V0QP4JGL7YEEVg==

"@esbuild/sunos-x64@0.16.3":
  version "0.16.3"
  resolved "https://registry.yarnpkg.com/@esbuild/sunos-x64/-/sunos-x64-0.16.3.tgz#a838f247867380f0ae25ce1936dc5ab6f57b7734"
  integrity sha512-SF9Kch5Ete4reovvRO6yNjMxrvlfT0F0Flm+NPoUw5Z4Q3r1d23LFTgaLwm3Cp0iGbrU/MoUI+ZqwCv5XJijCw==

"@esbuild/win32-arm64@0.16.3":
  version "0.16.3"
  resolved "https://registry.yarnpkg.com/@esbuild/win32-arm64/-/win32-arm64-0.16.3.tgz#bedd9bef5fb41f89ce2599f1761973cf6d6a67b6"
  integrity sha512-u5aBonZIyGopAZyOnoPAA6fGsDeHByZ9CnEzyML9NqntK6D/xl5jteZUKm/p6nD09+v3pTM6TuUIqSPcChk5gg==

"@esbuild/win32-ia32@0.16.3":
  version "0.16.3"
  resolved "https://registry.yarnpkg.com/@esbuild/win32-ia32/-/win32-ia32-0.16.3.tgz#49800aa812d8cc35ceef61e8d3b01224684cc0b1"
  integrity sha512-GlgVq1WpvOEhNioh74TKelwla9KDuAaLZrdxuuUgsP2vayxeLgVc+rbpIv0IYF4+tlIzq2vRhofV+KGLD+37EQ==

"@esbuild/win32-x64@0.16.3":
  version "0.16.3"
  resolved "https://registry.yarnpkg.com/@esbuild/win32-x64/-/win32-x64-0.16.3.tgz#94047dae921949cfb308117d993c4b941291ae10"
  integrity sha512-5/JuTd8OWW8UzEtyf19fbrtMJENza+C9JoPIkvItgTBQ1FO2ZLvjbPO6Xs54vk0s5JB5QsfieUEshRQfu7ZHow==

"@lexical/clipboard@0.7.0":
  version "0.7.0"
  resolved "https://registry.yarnpkg.com/@lexical/clipboard/-/clipboard-0.7.0.tgz#31a9eba1499d4efee1140fc471c017d0794866ae"
  integrity sha512-mkwWg5CoHdU4r/aavsxyfn1wAPKv8eY/kgtIECyCZBCPecQY2R03HtfBoxXG10FmkS0kV6fjqxJa6pgdoQDJFw==
  dependencies:
    "@lexical/html" "0.7.0"
    "@lexical/list" "0.7.0"
    "@lexical/selection" "0.7.0"
    "@lexical/utils" "0.7.0"

"@lexical/code@0.7.0":
  version "0.7.0"
  resolved "https://registry.yarnpkg.com/@lexical/code/-/code-0.7.0.tgz#3b077a25e35d3e4939a267990b69b757c6e9af36"
  integrity sha512-vAHgL5H+vFbVLzNph80XtcIkMev19GUUWx1Qq3BvGXDu3EcTHYlKTPOZmZGZNAQjt44QvxpP2h+8/ElcPwP2/w==
  dependencies:
    "@lexical/utils" "0.7.0"
    prismjs "^1.27.0"

"@lexical/dragon@0.7.0":
  version "0.7.0"
  resolved "https://registry.yarnpkg.com/@lexical/dragon/-/dragon-0.7.0.tgz#7563426d419ce1570a4ab8d9a3c75c554eb1f5bc"
  integrity sha512-lspRLgcl0bJKnqMrB0wblKWcOD3N6BUjabPnPvw/6IpxxNFhlaN9f86cd4orafSOSTn/eCEvLbUwYbipMg+L0A==

"@lexical/hashtag@0.7.0":
  version "0.7.0"
  resolved "https://registry.yarnpkg.com/@lexical/hashtag/-/hashtag-0.7.0.tgz#f2a83d5c2e1c9c8d348fe97e0411fefb3ad9ecbc"
  integrity sha512-mg4jDrZaYfnnFy2BIJpz4gN6Uw7RCveIWudJOiEvtIpB9AXwRL441UANQgYsq/K5FblBSbvfTyA3T0Iza4p+Pg==
  dependencies:
    "@lexical/utils" "0.7.0"

"@lexical/history@0.7.0":
  version "0.7.0"
  resolved "https://registry.yarnpkg.com/@lexical/history/-/history-0.7.0.tgz#9a3d0c7aae6783e5cfd02f4da49314ea30d829d9"
  integrity sha512-zyCFE8dl1gMfNG7qX1aKBu5COBV87HOyB4F11eb1863Awykw5VZz9CJnDvG+77h/wg0n7zpWmvukZ73eVjJEMA==
  dependencies:
    "@lexical/utils" "0.7.0"

"@lexical/html@0.7.0":
  version "0.7.0"
  resolved "https://registry.yarnpkg.com/@lexical/html/-/html-0.7.0.tgz#45c854f2e4f0ddc5fbcc35a284ee4320f283119c"
  integrity sha512-zFqjgA4Isqm7xubysN45Fe7p5cSX46yE+pSEub5GKpc5xzX5FMS/64KxOlJ6+ksvqCN3vVwJ4D0eMNBH2kBbPw==
  dependencies:
    "@lexical/selection" "0.7.0"

"@lexical/link@0.7.0":
  version "0.7.0"
  resolved "https://registry.yarnpkg.com/@lexical/link/-/link-0.7.0.tgz#1585d33c0e12efc85d73080f0ff266836a717811"
  integrity sha512-wXYZX7j76XZKe2G3wXJelSULOZ4FobOLz4HLPK9A8MxHZMTuCIBUBoOuuGSoqkKSKJTUo6vfOkrm5D1j2BpyMA==
  dependencies:
    "@lexical/utils" "0.7.0"

"@lexical/list@0.7.0":
  version "0.7.0"
  resolved "https://registry.yarnpkg.com/@lexical/list/-/list-0.7.0.tgz#0191eebfc97c9684f1778fc33cc75594a92e2445"
  integrity sha512-kv4VLqJfad3ZGn6dlL5TZM4ZK2DREQahimnORvNK6sC+T2coOP6wjmr+bTP2ucz55YqYMV8hNFKwB44Kt9eR3g==
  dependencies:
    "@lexical/utils" "0.7.0"

"@lexical/mark@0.7.0":
  version "0.7.0"
  resolved "https://registry.yarnpkg.com/@lexical/mark/-/mark-0.7.0.tgz#827565eac94427aacf204a04fa39ce5999f623c4"
  integrity sha512-tzK2pQAXfCgrhyjslwcMLMubx90Hrf5EOG4elAxI9TqJ85SxsVw1g2d2Ch4haoUwjgqtlrdcIehhggDs6cO/+Q==
  dependencies:
    "@lexical/utils" "0.7.0"

"@lexical/markdown@0.7.0":
  version "0.7.0"
  resolved "https://registry.yarnpkg.com/@lexical/markdown/-/markdown-0.7.0.tgz#22b6af66591abf043a9f8bfe2d828695306e7851"
  integrity sha512-TBdIynjOqN0vKIkCfb3+wp1RfcyVsDdRihhpPiHC3U5AYxyxIOIBwyrLd2CH0ioJakhcHLDRk3RvMCEu22H1oA==
  dependencies:
    "@lexical/code" "0.7.0"
    "@lexical/link" "0.7.0"
    "@lexical/list" "0.7.0"
    "@lexical/rich-text" "0.7.0"
    "@lexical/text" "0.7.0"
    "@lexical/utils" "0.7.0"

"@lexical/offset@0.7.0":
  version "0.7.0"
  resolved "https://registry.yarnpkg.com/@lexical/offset/-/offset-0.7.0.tgz#738a2fd361f4cee345758396656c63d571ee4369"
  integrity sha512-DkR6SGd48Luw8uCNmUMHqCtrR7vqP2gR0RljZoPKo64qkGzcw5k06guLMyZbi7TW6xUmxQUlWZGWOk/0W3Eyaw==

"@lexical/overflow@0.7.0":
  version "0.7.0"
  resolved "https://registry.yarnpkg.com/@lexical/overflow/-/overflow-0.7.0.tgz#03d96a9526e22b0274375ccfa53392266b85c288"
  integrity sha512-liMLmmYWk32ZGqQ/RL3lvtcZkBdBWmrsf8Alc3hR2z94apu8gSQzTG4enG3hWGnfZjQTcejUQFhY/dVWsiF7DQ==

"@lexical/plain-text@0.7.0":
  version "0.7.0"
  resolved "https://registry.yarnpkg.com/@lexical/plain-text/-/plain-text-0.7.0.tgz#3cb0c3fbba7b91aa80d3b117e8558dae7933f7fa"
  integrity sha512-akvXanuf2bSDgisjTGJPd49IGLCG6CKy6cGMfPzoB9Y7pTqLeXPUjA25d8/aSi0i7Kq8hnAgYYHh2Z1bJTPZbA==

"@lexical/react@^0.7.0":
  version "0.7.0"
  resolved "https://registry.yarnpkg.com/@lexical/react/-/react-0.7.0.tgz#f934697634e957351c33840cdd62e85e4b77979a"
  integrity sha512-ckF5I/0TYLe0I/vU5+NqvTa0KsNA90aVm2E4mdiQySaB1MlEcEsg2knz7isObIcWRwhF92x4Xzhs9cBZjiuNDA==
  dependencies:
    "@lexical/clipboard" "0.7.0"
    "@lexical/code" "0.7.0"
    "@lexical/dragon" "0.7.0"
    "@lexical/hashtag" "0.7.0"
    "@lexical/history" "0.7.0"
    "@lexical/link" "0.7.0"
    "@lexical/list" "0.7.0"
    "@lexical/mark" "0.7.0"
    "@lexical/markdown" "0.7.0"
    "@lexical/overflow" "0.7.0"
    "@lexical/plain-text" "0.7.0"
    "@lexical/rich-text" "0.7.0"
    "@lexical/selection" "0.7.0"
    "@lexical/table" "0.7.0"
    "@lexical/text" "0.7.0"
    "@lexical/utils" "0.7.0"
    "@lexical/yjs" "0.7.0"
    react-error-boundary "^3.1.4"

"@lexical/rich-text@0.7.0":
  version "0.7.0"
  resolved "https://registry.yarnpkg.com/@lexical/rich-text/-/rich-text-0.7.0.tgz#49fd91fd4ef52cc625735fe1b58577189a143496"
  integrity sha512-a/+BjXdgN/9WM/JoE2BykEXJ0vx9niItAiWI9d36pDuuDOSg9gbn/QB7vI+LwDvsg9GJuPWrSdq5u41D29fgKw==

"@lexical/selection@0.7.0":
  version "0.7.0"
  resolved "https://registry.yarnpkg.com/@lexical/selection/-/selection-0.7.0.tgz#a70f7607542fdbf7d01ddd0cf387d35dacdedd1f"
  integrity sha512-25aKIehL93zolIwdPC9mTaiUsQ4enkMYxHVuE0PBXGmx0n9M+82XkC2YCNWF6tkZyEx54zqBuqVUT+Z1UTc1lA==

"@lexical/table@0.7.0":
  version "0.7.0"
  resolved "https://registry.yarnpkg.com/@lexical/table/-/table-0.7.0.tgz#b3eddbde478cdaf1a4260c0b4007b3e524a9cc58"
  integrity sha512-YMlvaJ1cn1Bf1ircbhzfN4dszJfUq7way4o3/jgxszcWmF2WAz4YLt1BZNwVfyWvjNuPp/GmJeK572jy3r6+HQ==
  dependencies:
    "@lexical/utils" "0.7.0"

"@lexical/text@0.7.0":
  version "0.7.0"
  resolved "https://registry.yarnpkg.com/@lexical/text/-/text-0.7.0.tgz#9193360a89372e7bb62de6c241f6547eaefde3a5"
  integrity sha512-3NkNI+n27bM+22GUae8B8pcpThkK5MJvaXvCsHBtI+PYy2hkvDhBNzbPnce5hNjk9WIe/192UuLsvVkhjUKBJw==

"@lexical/utils@0.7.0":
  version "0.7.0"
  resolved "https://registry.yarnpkg.com/@lexical/utils/-/utils-0.7.0.tgz#81568cf85733cc86cd2f331ec0456648159d858c"
  integrity sha512-rIpd3EGUTUU5ZTDDfzhKRz1qkfrdstF4MOkdgVFNNYDI+dxpde7TKx3ZpbytsmpwKPjRONOTSaZFAQLE0k5WiA==
  dependencies:
    "@lexical/list" "0.7.0"
    "@lexical/table" "0.7.0"

"@lexical/yjs@0.7.0":
  version "0.7.0"
  resolved "https://registry.yarnpkg.com/@lexical/yjs/-/yjs-0.7.0.tgz#b97cf07c67ef13608cd6d2aaa20577880c85eff1"
  integrity sha512-3zHpIlO4wm+wJJq+5oBhfd442cmvnrIa8q3DaeYm0ujGbkhdMVaYWQDwsKWxxDu2OF6Uc1jam5oPGdulBwfKug==
  dependencies:
    "@lexical/offset" "0.7.0"

"@stitches/react@^1.2.8":
  version "1.2.8"
  resolved "https://registry.yarnpkg.com/@stitches/react/-/react-1.2.8.tgz#954f8008be8d9c65c4e58efa0937f32388ce3a38"
  integrity sha512-9g9dWI4gsSVe8bNLlb+lMkBYsnIKCZTmvqvDG+Avnn69XfmHZKiaMrx7cgTaddq7aTPPmXiTsbFcUy0xgI4+wA==

"@swc/core-darwin-arm64@1.3.22":
  version "1.3.22"
  resolved "https://registry.yarnpkg.com/@swc/core-darwin-arm64/-/core-darwin-arm64-1.3.22.tgz#296db00b567d7fab0fc438eccc7334b53d54e2f2"
  integrity sha512-MMhtPsuXp8gpUgr9bs+RZQ2IyFGiUNDG93usCDAFgAF+6VVp+YaAVjET/3/Bx5Lk2WAt0RxT62C9KTEw1YMo3w==

"@swc/core-darwin-x64@1.3.22":
  version "1.3.22"
  resolved "https://registry.yarnpkg.com/@swc/core-darwin-x64/-/core-darwin-x64-1.3.22.tgz#3922972fccaa8c42e5bb1ec3f784e88b884bc3c7"
  integrity sha512-SG6QbNat4GZ5VJU3Zo6a54oQOtbhJVE6BCQw4JjOCZJmAeBzNebGy9wsT4+fCJNHC3C5qtaRw7ToXJvLniXwfg==

"@swc/core-linux-arm-gnueabihf@1.3.22":
  version "1.3.22"
  resolved "https://registry.yarnpkg.com/@swc/core-linux-arm-gnueabihf/-/core-linux-arm-gnueabihf-1.3.22.tgz#5484415986e6c498f295b73c0d9dffb777237ca6"
  integrity sha512-4E+TdQT1oHnHjDaPs/DyrRy9lOuFd6ncEd67yYA4j9lFqt6nuz/jnXss45k8KU7wR5kOTtdW73xPwkU4NbOWdw==

"@swc/core-linux-arm64-gnu@1.3.22":
  version "1.3.22"
  resolved "https://registry.yarnpkg.com/@swc/core-linux-arm64-gnu/-/core-linux-arm64-gnu-1.3.22.tgz#951406151966225e4082cc643aa202f18f6d0bcf"
  integrity sha512-6VcynOMbOBcbLutIPENI3Ejvg5LGz/Pwvzm25hM0FoiEtPxHA+tawQUwLx8Alk1Yr+Rnqid06UEZ0veJOGn2pQ==

"@swc/core-linux-arm64-musl@1.3.22":
  version "1.3.22"
  resolved "https://registry.yarnpkg.com/@swc/core-linux-arm64-musl/-/core-linux-arm64-musl-1.3.22.tgz#1f63fa7e3e61b00f9102e49f60520377491b61d6"
  integrity sha512-86RxGy0L3qa4De3xWHx8vL2caTxvSLSWTlgUW/Yd4l1pvrCFibMjhkImGu5ViKiReX9DlBtJ7CBs4dln2kHidw==

"@swc/core-linux-x64-gnu@1.3.22":
  version "1.3.22"
  resolved "https://registry.yarnpkg.com/@swc/core-linux-x64-gnu/-/core-linux-x64-gnu-1.3.22.tgz#64a38d253c7cdc8944980fa1f8cb3b6fc260afd1"
  integrity sha512-FLkbiqsdXsVIFZi6iedx4rSBGX8x0vo/5aDlklSxJAAYOcQpO0QADKP5Yr65iMT1d6ABCt2d+/StpGLF7GWOcA==

"@swc/core-linux-x64-musl@1.3.22":
  version "1.3.22"
  resolved "https://registry.yarnpkg.com/@swc/core-linux-x64-musl/-/core-linux-x64-musl-1.3.22.tgz#33f6abf28cc26eba1979e488776e006a09285463"
  integrity sha512-giBuw+Z0Bq6fpZ0Y5TcfpcQwf9p/cE1fOQyO/K1XSTn/haQOqFi7421Jq/dFThSARZiXw1u9Om9VFbwxr8VI+A==

"@swc/core-win32-arm64-msvc@1.3.22":
  version "1.3.22"
  resolved "https://registry.yarnpkg.com/@swc/core-win32-arm64-msvc/-/core-win32-arm64-msvc-1.3.22.tgz#4b5a05157d5d442866d543090a52b2a9624766bc"
  integrity sha512-loKGO+ZM2By6VdrmVJk1G79jVgDPaee93qLFuis5KyeoLLb4m1MlNMc/6SIDZUSuYg6NqaGP1spFeiFetMQ4Zg==

"@swc/core-win32-ia32-msvc@1.3.22":
  version "1.3.22"
  resolved "https://registry.yarnpkg.com/@swc/core-win32-ia32-msvc/-/core-win32-ia32-msvc-1.3.22.tgz#ec067667b7a665ef3b4fe97c3aa4c1d15e3a496d"
  integrity sha512-lvNWAZ3QjXMsrsch6oLLQVikT/hC/4ZcLrTBXa14HwQylaYigkGElgp3ekJr78HjWDPwB46GXwBbNMG0VNAfvA==

"@swc/core-win32-x64-msvc@1.3.22":
  version "1.3.22"
  resolved "https://registry.yarnpkg.com/@swc/core-win32-x64-msvc/-/core-win32-x64-msvc-1.3.22.tgz#fb820b1aa03605363d141c9656d966a25000790f"
  integrity sha512-ESyn4lZXAKEE3mcTaDfXatsolCiEfVGstsXdgBmZYa6o1IE1bDW8FE7Ob/Y+82WTpm9+A9ZYXYjZ62t67POHZg==

"@swc/core@^1.3.21":
  version "1.3.22"
  resolved "https://registry.yarnpkg.com/@swc/core/-/core-1.3.22.tgz#2b631f7b54d6e11eb2e8ae505bca1dbbc6fb7160"
  integrity sha512-oQ9EPEb7NgWcGIDoVfLCuffvtC4MzVtrwjqwKzFHP8FUh1fn8+2wraOjkkDXW74BB4Hgve5ykkaHix9bebB9Ww==
  optionalDependencies:
    "@swc/core-darwin-arm64" "1.3.22"
    "@swc/core-darwin-x64" "1.3.22"
    "@swc/core-linux-arm-gnueabihf" "1.3.22"
    "@swc/core-linux-arm64-gnu" "1.3.22"
    "@swc/core-linux-arm64-musl" "1.3.22"
    "@swc/core-linux-x64-gnu" "1.3.22"
    "@swc/core-linux-x64-musl" "1.3.22"
    "@swc/core-win32-arm64-msvc" "1.3.22"
    "@swc/core-win32-ia32-msvc" "1.3.22"
    "@swc/core-win32-x64-msvc" "1.3.22"

"@types/prop-types@*":
  version "15.7.5"
  resolved "https://registry.yarnpkg.com/@types/prop-types/-/prop-types-15.7.5.tgz#5f19d2b85a98e9558036f6a3cacc8819420f05cf"
  integrity sha512-JCB8C6SnDoQf0cNycqd/35A7MjcnK+ZTqE7judS6o7utxUCg6imJg3QK2qzHKszlTjcj2cn+NwMB2i96ubpj7w==

"@types/react-dom@^18.0.9":
  version "18.0.9"
  resolved "https://registry.yarnpkg.com/@types/react-dom/-/react-dom-18.0.9.tgz#ffee5e4bfc2a2f8774b15496474f8e7fe8d0b504"
  integrity sha512-qnVvHxASt/H7i+XG1U1xMiY5t+IHcPGUK7TDMDzom08xa7e86eCeKOiLZezwCKVxJn6NEiiy2ekgX8aQssjIKg==
  dependencies:
    "@types/react" "*"

"@types/react@*", "@types/react@^18.0.26":
  version "18.0.26"
  resolved "https://registry.yarnpkg.com/@types/react/-/react-18.0.26.tgz#8ad59fc01fef8eaf5c74f4ea392621749f0b7917"
  integrity sha512-hCR3PJQsAIXyxhTNSiDFY//LhnMZWpNNr5etoCqx/iUfGc5gXWtQR2Phl908jVR6uPXacojQWTg4qRpkxTuGug==
  dependencies:
    "@types/prop-types" "*"
    "@types/scheduler" "*"
    csstype "^3.0.2"

"@types/scheduler@*":
  version "0.16.2"
  resolved "https://registry.yarnpkg.com/@types/scheduler/-/scheduler-0.16.2.tgz#1a62f89525723dde24ba1b01b092bf5df8ad4d39"
  integrity sha512-hppQEBDmlwhFAXKJX2KnWLYu5yMfi91yazPb2l+lbJiwW+wdo1gNeRA+3RgNSO39WYX2euey41KEwnqesU2Jew==

"@vitejs/plugin-react-swc@^3.0.0":
  version "3.0.0"
  resolved "https://registry.yarnpkg.com/@vitejs/plugin-react-swc/-/plugin-react-swc-3.0.0.tgz#a0dbf235ae0fdd937a302901d1433dffdaa5cb3b"
  integrity sha512-vYlodz/mjYRbxMGbHzDgR8aPR+z8n7K/enWkyBGH096xrL2DIPCuTvQVRYPTXGyy6wO7OFiMxZ3r4nKQD1sH0A==
  dependencies:
    "@swc/core" "^1.3.21"

csstype@^3.0.2:
  version "3.1.1"
  resolved "https://registry.yarnpkg.com/csstype/-/csstype-3.1.1.tgz#841b532c45c758ee546a11d5bd7b7b473c8c30b9"
  integrity sha512-DJR/VvkAvSZW9bTouZue2sSxDwdTN92uHjqeKVm+0dAqdfNykRzQ95tay8aXMBAAPpUiq4Qcug2L7neoRh2Egw==

esbuild@^0.16.3:
  version "0.16.3"
  resolved "https://registry.yarnpkg.com/esbuild/-/esbuild-0.16.3.tgz#5868632fa23f7a8547f2a4ea359c44e946515c94"
  integrity sha512-71f7EjPWTiSguen8X/kxEpkAS7BFHwtQKisCDDV3Y4GLGWBaoSCyD5uXkaUew6JDzA9FEN1W23mdnSwW9kqCeg==
  optionalDependencies:
    "@esbuild/android-arm" "0.16.3"
    "@esbuild/android-arm64" "0.16.3"
    "@esbuild/android-x64" "0.16.3"
    "@esbuild/darwin-arm64" "0.16.3"
    "@esbuild/darwin-x64" "0.16.3"
    "@esbuild/freebsd-arm64" "0.16.3"
    "@esbuild/freebsd-x64" "0.16.3"
    "@esbuild/linux-arm" "0.16.3"
    "@esbuild/linux-arm64" "0.16.3"
    "@esbuild/linux-ia32" "0.16.3"
    "@esbuild/linux-loong64" "0.16.3"
    "@esbuild/linux-mips64el" "0.16.3"
    "@esbuild/linux-ppc64" "0.16.3"
    "@esbuild/linux-riscv64" "0.16.3"
    "@esbuild/linux-s390x" "0.16.3"
    "@esbuild/linux-x64" "0.16.3"
    "@esbuild/netbsd-x64" "0.16.3"
    "@esbuild/openbsd-x64" "0.16.3"
    "@esbuild/sunos-x64" "0.16.3"
    "@esbuild/win32-arm64" "0.16.3"
    "@esbuild/win32-ia32" "0.16.3"
    "@esbuild/win32-x64" "0.16.3"

fsevents@~2.3.2:
  version "2.3.2"
  resolved "https://registry.yarnpkg.com/fsevents/-/fsevents-2.3.2.tgz#8a526f78b8fdf4623b709e0b975c52c24c02fd1a"
  integrity sha512-xiqMQR4xAeHTuB9uWm+fFRcIOgKBMiOBP+eXiyT7jsgVCq1bkVygt00oASowB7EdtpOHaaPgKt812P9ab+DDKA==

function-bind@^1.1.1:
  version "1.1.1"
  resolved "https://registry.yarnpkg.com/function-bind/-/function-bind-1.1.1.tgz#a56899d3ea3c9bab874bb9773b7c5ede92f4895d"
  integrity sha512-yIovAzMX49sF8Yl58fSCWJ5svSLuaibPxXQJFLmBObTuCr0Mf1KiPopGM9NiFjiYBCbfaa2Fh6breQ6ANVTI0A==

has@^1.0.3:
  version "1.0.3"
  resolved "https://registry.yarnpkg.com/has/-/has-1.0.3.tgz#722d7cbfc1f6aa8241f16dd814e011e1f41e8796"
  integrity sha512-f2dvO0VU6Oej7RkWJGrehjbzMAjFp5/VKPp5tTpWIV4JHHZK1/BxbFRtf/siA2SWTe09caDmVtYYzWEIbBS4zw==
  dependencies:
    function-bind "^1.1.1"

is-core-module@^2.9.0:
  version "2.11.0"
  resolved "https://registry.yarnpkg.com/is-core-module/-/is-core-module-2.11.0.tgz#ad4cb3e3863e814523c96f3f58d26cc570ff0144"
  integrity sha512-RRjxlvLDkD1YJwDbroBHMb+cukurkDWNyHx7D3oNB5x9rb5ogcksMC5wHCadcXoo67gVr/+3GFySh3134zi6rw==
  dependencies:
    has "^1.0.3"

"js-tokens@^3.0.0 || ^4.0.0":
  version "4.0.0"
  resolved "https://registry.yarnpkg.com/js-tokens/-/js-tokens-4.0.0.tgz#19203fb59991df98e3a287050d4647cdeaf32499"
  integrity sha512-RdJUflcE3cUzKiMqQgsCu06FPu9UdIJO0beYbPhHN4k6apgJtifcoCtT9bcxOpYBtpD2kCM6Sbzg4CausW/PKQ==

lexical@^0.7.0:
  version "0.7.0"
  resolved "https://registry.yarnpkg.com/lexical/-/lexical-0.7.0.tgz#b3c4c8a1f9c1a022baee58178b9ac34c6f016bc5"
  integrity sha512-JFBWof33H50hkWHeELr1HpcHhPcNGvGwIhEcM+LRGSqQLUfabzzGqGprkbOfoMN9sGZotxMYQNN9kSrnlyhM9w==

loose-envify@^1.1.0:
  version "1.4.0"
  resolved "https://registry.yarnpkg.com/loose-envify/-/loose-envify-1.4.0.tgz#71ee51fa7be4caec1a63839f7e682d8132d30caf"
  integrity sha512-lyuxPGr/Wfhrlem2CL/UcnUc1zcqKAImBDzukY7Y5F/yQiNdko6+fRLevlw1HgMySw7f611UIY408EtxRSoK3Q==
  dependencies:
    js-tokens "^3.0.0 || ^4.0.0"

nanoid@^3.3.4:
  version "3.3.4"
  resolved "https://registry.yarnpkg.com/nanoid/-/nanoid-3.3.4.tgz#730b67e3cd09e2deacf03c027c81c9d9dbc5e8ab"
  integrity sha512-MqBkQh/OHTS2egovRtLk45wEyNXwF+cokD+1YPf9u5VfJiRdAiRwB2froX5Co9Rh20xs4siNPm8naNotSD6RBw==

path-parse@^1.0.7:
  version "1.0.7"
  resolved "https://registry.yarnpkg.com/path-parse/-/path-parse-1.0.7.tgz#fbc114b60ca42b30d9daf5858e4bd68bbedb6735"
  integrity sha512-LDJzPVEEEPR+y48z93A0Ed0yXb8pAByGWo/k5YYdYgpY2/2EsOsksJrq7lOHxryrVOn1ejG6oAp8ahvOIQD8sw==

picocolors@^1.0.0:
  version "1.0.0"
  resolved "https://registry.yarnpkg.com/picocolors/-/picocolors-1.0.0.tgz#cb5bdc74ff3f51892236eaf79d68bc44564ab81c"
  integrity sha512-1fygroTLlHu66zi26VoTDv8yRgm0Fccecssto+MhsZ0D/DGW2sm8E8AjW7NU5VVTRt5GxbeZ5qBuJr+HyLYkjQ==

postcss@^8.4.19:
  version "8.4.19"
  resolved "https://registry.yarnpkg.com/postcss/-/postcss-8.4.19.tgz#61178e2add236b17351897c8bcc0b4c8ecab56fc"
  integrity sha512-h+pbPsyhlYj6N2ozBmHhHrs9DzGmbaarbLvWipMRO7RLS+v4onj26MPFXA5OBYFxyqYhUJK456SwDcY9H2/zsA==
  dependencies:
    nanoid "^3.3.4"
    picocolors "^1.0.0"
    source-map-js "^1.0.2"

prismjs@^1.27.0:
  version "1.29.0"
  resolved "https://registry.yarnpkg.com/prismjs/-/prismjs-1.29.0.tgz#f113555a8fa9b57c35e637bba27509dcf802dd12"
  integrity sha512-Kx/1w86q/epKcmte75LNrEoT+lX8pBpavuAbvJWRXar7Hz8jrtF+e3vY751p0R8H9HdArwaCTNDDzHg/ScJK1Q==

react-dom@^18.2.0:
  version "18.2.0"
  resolved "https://registry.yarnpkg.com/react-dom/-/react-dom-18.2.0.tgz#22aaf38708db2674ed9ada224ca4aa708d821e3d"
  integrity sha512-6IMTriUmvsjHUjNtEDudZfuDQUoWXVxKHhlEGSk81n4YFS+r/Kl99wXiwlVXtPBtJenozv2P+hxDsw9eA7Xo6g==
  dependencies:
    loose-envify "^1.1.0"
    scheduler "^0.23.0"

react-error-boundary@^3.1.4:
  version "3.1.4"
  resolved "https://registry.yarnpkg.com/react-error-boundary/-/react-error-boundary-3.1.4.tgz#255db92b23197108757a888b01e5b729919abde0"
  integrity sha512-uM9uPzZJTF6wRQORmSrvOIgt4lJ9MC1sNgEOj2XGsDTRE4kmpWxg7ENK9EWNKJRMAOY9z0MuF4yIfl6gp4sotA==
  dependencies:
    "@babel/runtime" "^7.12.5"

react-icons@^4.7.1:
  version "4.7.1"
  resolved "https://registry.yarnpkg.com/react-icons/-/react-icons-4.7.1.tgz#0f4b25a5694e6972677cb189d2a72eabea7a8345"
  integrity sha512-yHd3oKGMgm7zxo3EA7H2n7vxSoiGmHk5t6Ou4bXsfcgWyhfDKMpyKfhHR6Bjnn63c+YXBLBPUql9H4wPJM6sXw==

react@^18.2.0:
  version "18.2.0"
  resolved "https://registry.yarnpkg.com/react/-/react-18.2.0.tgz#555bd98592883255fa00de14f1151a917b5d77d5"
  integrity sha512-/3IjMdb2L9QbBdWiW5e3P2/npwMBaU9mHCSCUzNln0ZCYbcfTsGbTJrU/kGemdH2IWmB2ioZ+zkxtmq6g09fGQ==
  dependencies:
    loose-envify "^1.1.0"

regenerator-runtime@^0.13.11:
  version "0.13.11"
  resolved "https://registry.yarnpkg.com/regenerator-runtime/-/regenerator-runtime-0.13.11.tgz#f6dca3e7ceec20590d07ada785636a90cdca17f9"
  integrity sha512-kY1AZVr2Ra+t+piVaJ4gxaFaReZVH40AKNo7UCX6W+dEwBo/2oZJzqfuN1qLq1oL45o56cPaTXELwrTh8Fpggg==

resolve@^1.22.1:
  version "1.22.1"
  resolved "https://registry.yarnpkg.com/resolve/-/resolve-1.22.1.tgz#27cb2ebb53f91abb49470a928bba7558066ac177"
  integrity sha512-nBpuuYuY5jFsli/JIs1oldw6fOQCBioohqWZg/2hiaOybXOft4lonv85uDOKXdf8rhyK159cxU5cDcK/NKk8zw==
  dependencies:
    is-core-module "^2.9.0"
    path-parse "^1.0.7"
    supports-preserve-symlinks-flag "^1.0.0"

rollup@^3.7.0:
  version "3.7.1"
  resolved "https://registry.yarnpkg.com/rollup/-/rollup-3.7.1.tgz#615b736bdc6ad405953d269fc6afd3822d6d8811"
  integrity sha512-ek6+FORvI79VQTNlIYtXpIrGEPRlYSNZO+5EcmaozKkRL5L6KLvGDUbM5E+bd6jnHW9fgcK0DKTdWjIsEmNb4g==
  optionalDependencies:
    fsevents "~2.3.2"

scheduler@^0.23.0:
  version "0.23.0"
  resolved "https://registry.yarnpkg.com/scheduler/-/scheduler-0.23.0.tgz#ba8041afc3d30eb206a487b6b384002e4e61fdfe"
  integrity sha512-CtuThmgHNg7zIZWAXi3AsyIzA3n4xx7aNyjwC2VJldO2LMVDhFK+63xGqq6CsJH4rTAt6/M+N4GhZiDYPx9eUw==
  dependencies:
    loose-envify "^1.1.0"

source-map-js@^1.0.2:
  version "1.0.2"
  resolved "https://registry.yarnpkg.com/source-map-js/-/source-map-js-1.0.2.tgz#adbc361d9c62df380125e7f161f71c826f1e490c"
  integrity sha512-R0XvVJ9WusLiqTCEiGCmICCMplcCkIwwR11mOSD9CR5u+IXYdiseeEuXCVAjS54zqwkLcPNnmU4OeJ6tUrWhDw==

supports-preserve-symlinks-flag@^1.0.0:
  version "1.0.0"
  resolved "https://registry.yarnpkg.com/supports-preserve-symlinks-flag/-/supports-preserve-symlinks-flag-1.0.0.tgz#6eda4bd344a3c94aea376d4cc31bc77311039e09"
  integrity sha512-ot0WnXS9fgdkgIcePe6RHNk1WA8+muPa6cSjeR3V8K27q9BB1rTE3R1p7Hv0z1ZyAc8s6Vvv8DIyWf681MAt0w==

typescript@^4.9.3:
  version "4.9.4"
  resolved "https://registry.yarnpkg.com/typescript/-/typescript-4.9.4.tgz#a2a3d2756c079abda241d75f149df9d561091e78"
  integrity sha512-Uz+dTXYzxXXbsFpM86Wh3dKCxrQqUcVMxwU54orwlJjOpO3ao8L7j5lH+dWfTwgCwIuM9GQ2kvVotzYJMXTBZg==

vite@^4.0.0:
  version "4.0.0"
  resolved "https://registry.yarnpkg.com/vite/-/vite-4.0.0.tgz#b81b88349a06b2faaa53ae14cf96c942548e3454"
  integrity sha512-ynad+4kYs8Jcnn8J7SacS9vAbk7eMy0xWg6E7bAhS1s79TK+D7tVFGXVZ55S7RNLRROU1rxoKlvZ/qjaB41DGA==
  dependencies:
    esbuild "^0.16.3"
    postcss "^8.4.19"
    resolve "^1.22.1"
    rollup "^3.7.0"
  optionalDependencies:
    fsevents "~2.3.2"
